
Microsoft Visual Studio Solution File, Format Version 12.00
# Visual Studio Version 16
VisualStudioVersion = 16.0.30804.86
MinimumVisualStudioVersion = 10.0.40219.1
Project("{9A19103F-16F7-4668-BE54-9A1E7A4F7556}") = "ProyectoTDD", "ProyectoTDD\ProyectoTDD.csproj", "{4392835F-2C17-4439-8B84-B9294E356A9F}"
EndProject
Project("{FAE04EC0-301F-11D3-BF4B-00C04F79EFBC}") = "Test", "Test\Test.csproj", "{0252D4C1-2D92-45C7-BD12-CD1604E9A2EF}"
EndProject
Global
	GlobalSection(SolutionConfigurationPlatforms) = preSolution
		Debug|Any CPU = Debug|Any CPU
		Release|Any CPU = Release|Any CPU
	EndGlobalSection
	GlobalSection(ProjectConfigurationPlatforms) = postSolution
		{4392835F-2C17-4439-8B84-B9294E356A9F}.Debug|Any CPU.ActiveCfg = Debug|Any CPU
		{4392835F-2C17-4439-8B84-B9294E356A9F}.Debug|Any CPU.Build.0 = Debug|Any CPU
		{4392835F-2C17-4439-8B84-B9294E356A9F}.Release|Any CPU.ActiveCfg = Release|Any CPU
		{4392835F-2C17-4439-8B84-B9294E356A9F}.Release|Any CPU.Build.0 = Release|Any CPU
		{0252D4C1-2D92-45C7-BD12-CD1604E9A2EF}.Debug|Any CPU.ActiveCfg = Debug|Any CPU
		{0252D4C1-2D92-45C7-BD12-CD1604E9A2EF}.Debug|Any CPU.Build.0 = Debug|Any CPU
		{0252D4C1-2D92-45C7-BD12-CD1604E9A2EF}.Release|Any CPU.ActiveCfg = Release|Any CPU
		{0252D4C1-2D92-45C7-BD12-CD1604E9A2EF}.Release|Any CPU.Build.0 = Release|Any CPU
	EndGlobalSection
	GlobalSection(SolutionProperties) = preSolution
		HideSolutionNode = FALSE
	EndGlobalSection
	GlobalSection(ExtensibilityGlobals) = postSolution
		SolutionGuid = {CAD1CCF8-8624-4F30-A393-5E624B65A737}
	EndGlobalSection
EndGlobal
